
Microsoft Visual Studio Solution File, Format Version 12.00
Project("{FAE04EC0-301F-11D3-BF4B-00C04F79EFBC}") = "WebApplication6", "WebApplication6\WebApplication6.csproj", "{D594CD44-CEBE-418E-AA29-E42B1F2FCD6C}"
EndProject
Global
	GlobalSection(SolutionConfigurationPlatforms) = preSolution
		Debug|Any CPU = Debug|Any CPU
		Release|Any CPU = Release|Any CPU
	EndGlobalSection
	GlobalSection(ProjectConfigurationPlatforms) = postSolution
		{D594CD44-CEBE-418E-AA29-E42B1F2FCD6C}.Debug|Any CPU.ActiveCfg = Debug|Any CPU
		{D594CD44-CEBE-418E-AA29-E42B1F2FCD6C}.Debug|Any CPU.Build.0 = Debug|Any CPU
		{D594CD44-CEBE-418E-AA29-E42B1F2FCD6C}.Release|Any CPU.ActiveCfg = Release|Any CPU
		{D594CD44-CEBE-418E-AA29-E42B1F2FCD6C}.Release|Any CPU.Build.0 = Release|Any CPU
	EndGlobalSection
EndGlobal
