
Microsoft Visual Studio Solution File, Format Version 12.00
Project("{FAE04EC0-301F-11D3-BF4B-00C04F79EFBC}") = "tut2", "tut2.csproj", "{A81EA883-1F45-4151-B991-83DFF7BF07A5}"
EndProject
Global
	GlobalSection(SolutionConfigurationPlatforms) = preSolution
		Debug|Any CPU = Debug|Any CPU
		Release|Any CPU = Release|Any CPU
	EndGlobalSection
	GlobalSection(ProjectConfigurationPlatforms) = postSolution
		{A81EA883-1F45-4151-B991-83DFF7BF07A5}.Debug|Any CPU.ActiveCfg = Debug|Any CPU
		{A81EA883-1F45-4151-B991-83DFF7BF07A5}.Debug|Any CPU.Build.0 = Debug|Any CPU
		{A81EA883-1F45-4151-B991-83DFF7BF07A5}.Release|Any CPU.ActiveCfg = Release|Any CPU
		{A81EA883-1F45-4151-B991-83DFF7BF07A5}.Release|Any CPU.Build.0 = Release|Any CPU
	EndGlobalSection
EndGlobal
