
Microsoft Visual Studio Solution File, Format Version 12.00
Project("{FAE04EC0-301F-11D3-BF4B-00C04F79EFBC}") = "APBD_Task8", "APBD_Task8\APBD_Task8.csproj", "{D3D55DB3-2448-4492-8C9A-47987934A06A}"
EndProject
Global
	GlobalSection(SolutionConfigurationPlatforms) = preSolution
		Debug|Any CPU = Debug|Any CPU
		Release|Any CPU = Release|Any CPU
	EndGlobalSection
	GlobalSection(ProjectConfigurationPlatforms) = postSolution
		{D3D55DB3-2448-4492-8C9A-47987934A06A}.Debug|Any CPU.ActiveCfg = Debug|Any CPU
		{D3D55DB3-2448-4492-8C9A-47987934A06A}.Debug|Any CPU.Build.0 = Debug|Any CPU
		{D3D55DB3-2448-4492-8C9A-47987934A06A}.Release|Any CPU.ActiveCfg = Release|Any CPU
		{D3D55DB3-2448-4492-8C9A-47987934A06A}.Release|Any CPU.Build.0 = Release|Any CPU
	EndGlobalSection
EndGlobal
